
Microsoft Visual Studio Solution File, Format Version 12.00
# Visual Studio 15
VisualStudioVersion = 15.0.28307.489
MinimumVisualStudioVersion = 10.0.40219.1
Project("{FAE04EC0-301F-11D3-BF4B-00C04F79EFBC}") = "Banking", "Banking\Banking.csproj", "{8812CA5F-0DD1-4E96-AC96-C39CC0C835CF}"
EndProject
Project("{FAE04EC0-301F-11D3-BF4B-00C04F79EFBC}") = "UnitTestProject", "UnitTestProject\UnitTestProject.csproj", "{286D8802-36DE-478F-977F-56AB26F41DE9}"
EndProject
Global
	GlobalSection(SolutionConfigurationPlatforms) = preSolution
		Debug|Any CPU = Debug|Any CPU
		Release|Any CPU = Release|Any CPU
	EndGlobalSection
	GlobalSection(ProjectConfigurationPlatforms) = postSolution
		{8812CA5F-0DD1-4E96-AC96-C39CC0C835CF}.Debug|Any CPU.ActiveCfg = Debug|Any CPU
		{8812CA5F-0DD1-4E96-AC96-C39CC0C835CF}.Debug|Any CPU.Build.0 = Debug|Any CPU
		{8812CA5F-0DD1-4E96-AC96-C39CC0C835CF}.Release|Any CPU.ActiveCfg = Release|Any CPU
		{8812CA5F-0DD1-4E96-AC96-C39CC0C835CF}.Release|Any CPU.Build.0 = Release|Any CPU
		{286D8802-36DE-478F-977F-56AB26F41DE9}.Debug|Any CPU.ActiveCfg = Debug|Any CPU
		{286D8802-36DE-478F-977F-56AB26F41DE9}.Debug|Any CPU.Build.0 = Debug|Any CPU
		{286D8802-36DE-478F-977F-56AB26F41DE9}.Release|Any CPU.ActiveCfg = Release|Any CPU
		{286D8802-36DE-478F-977F-56AB26F41DE9}.Release|Any CPU.Build.0 = Release|Any CPU
	EndGlobalSection
	GlobalSection(SolutionProperties) = preSolution
		HideSolutionNode = FALSE
	EndGlobalSection
	GlobalSection(ExtensibilityGlobals) = postSolution
		SolutionGuid = {2C0B3D2F-93E7-4E2D-B78F-A12F0C775F2D}
	EndGlobalSection
EndGlobal
